
Microsoft Visual Studio Solution File, Format Version 12.00
# Visual Studio Version 16
VisualStudioVersion = 16.0.29905.134
MinimumVisualStudioVersion = 10.0.40219.1
Project("{FAE04EC0-301F-11D3-BF4B-00C04F79EFBC}") = "RunPydllConsolse", "RunPydllConsolse\RunPydllConsolse.csproj", "{B8DD9E02-0DB9-4E67-959F-C703E1254D5B}"
EndProject
Global
	GlobalSection(SolutionConfigurationPlatforms) = preSolution
		Debug|Any CPU = Debug|Any CPU
		Debug|x64 = Debug|x64
		Release|Any CPU = Release|Any CPU
		Release|x64 = Release|x64
	EndGlobalSection
	GlobalSection(ProjectConfigurationPlatforms) = postSolution
		{B8DD9E02-0DB9-4E67-959F-C703E1254D5B}.Debug|Any CPU.ActiveCfg = Debug|Any CPU
		{B8DD9E02-0DB9-4E67-959F-C703E1254D5B}.Debug|Any CPU.Build.0 = Debug|Any CPU
		{B8DD9E02-0DB9-4E67-959F-C703E1254D5B}.Debug|x64.ActiveCfg = Debug|x64
		{B8DD9E02-0DB9-4E67-959F-C703E1254D5B}.Debug|x64.Build.0 = Debug|x64
		{B8DD9E02-0DB9-4E67-959F-C703E1254D5B}.Release|Any CPU.ActiveCfg = Release|Any CPU
		{B8DD9E02-0DB9-4E67-959F-C703E1254D5B}.Release|Any CPU.Build.0 = Release|Any CPU
		{B8DD9E02-0DB9-4E67-959F-C703E1254D5B}.Release|x64.ActiveCfg = Release|x64
		{B8DD9E02-0DB9-4E67-959F-C703E1254D5B}.Release|x64.Build.0 = Release|x64
	EndGlobalSection
	GlobalSection(SolutionProperties) = preSolution
		HideSolutionNode = FALSE
	EndGlobalSection
	GlobalSection(ExtensibilityGlobals) = postSolution
		SolutionGuid = {4EFF8098-9279-4B45-A139-A2DF144A7F83}
	EndGlobalSection
EndGlobal
